// !$*UTF8*$!
{
	archiveVersion = 1;
	classes = {
	};
	objectVersion = 48;
	objects = {

/* Begin PBXBuildFile section */
		A31607F0205CB1A600E8D490 /* img1.jpg in Resources */ = {isa = PBXBuildFile; fileRef = A37C404A20563E1B00817DF2 /* img1.jpg */; };
		A37C404D20563EBD00817DF2 /* img2.jpg in Resources */ = {isa = PBXBuildFile; fileRef = A37C404C20563EBD00817DF2 /* img2.jpg */; };
		A37C404F20563F7900817DF2 /* img3.jpg in Resources */ = {isa = PBXBuildFile; fileRef = A37C404E20563F7800817DF2 /* img3.jpg */; };
		A37E5DB72053B80600E2FF97 /* ImgdetailViewController.swift in Sources */ = {isa = PBXBuildFile; fileRef = A37E5DB62053B80600E2FF97 /* ImgdetailViewController.swift */; };
		A3A6D24C2053595A003598DF /* AppDelegate.swift in Sources */ = {isa = PBXBuildFile; fileRef = A3A6D24B2053595A003598DF /* AppDelegate.swift */; };
		A3A6D24E2053595A003598DF /* ViewController.swift in Sources */ = {isa = PBXBuildFile; fileRef = A3A6D24D2053595A003598DF /* ViewController.swift */; };
		A3A6D2512053595A003598DF /* Main.storyboard in Resources */ = {isa = PBXBuildFile; fileRef = A3A6D24F2053595A003598DF /* Main.storyboard */; };
		A3A6D2532053595A003598DF /* Assets.xcassets in Resources */ = {isa = PBXBuildFile; fileRef = A3A6D2522053595A003598DF /* Assets.xcassets */; };
		A3A6D2562053595A003598DF /* LaunchScreen.storyboard in Resources */ = {isa = PBXBuildFile; fileRef = A3A6D2542053595A003598DF /* LaunchScreen.storyboard */; };
/* End PBXBuildFile section */

/* Begin PBXFileReference section */
		A37C404A20563E1B00817DF2 /* img1.jpg */ = {isa = PBXFileReference; lastKnownFileType = image.jpeg; path = img1.jpg; sourceTree = "<group>"; };
		A37C404C20563EBD00817DF2 /* img2.jpg */ = {isa = PBXFileReference; lastKnownFileType = image.jpeg; path = img2.jpg; sourceTree = "<group>"; };
		A37C404E20563F7800817DF2 /* img3.jpg */ = {isa = PBXFileReference; lastKnownFileType = image.jpeg; path = img3.jpg; sourceTree = "<group>"; };
		A37E5DB62053B80600E2FF97 /* ImgdetailViewController.swift */ = {isa = PBXFileReference; lastKnownFileType = sourcecode.swift; path = ImgdetailViewController.swift; sourceTree = "<group>"; };
		A3A6D2482053595A003598DF /* SlideshowApp.app */ = {isa = PBXFileReference; explicitFileType = wrapper.application; includeInIndex = 0; path = SlideshowApp.app; sourceTree = BUILT_PRODUCTS_DIR; };
		A3A6D24B2053595A003598DF /* AppDelegate.swift */ = {isa = PBXFileReference; lastKnownFileType = sourcecode.swift; path = AppDelegate.swift; sourceTree = "<group>"; };
		A3A6D24D2053595A003598DF /* ViewController.swift */ = {isa = PBXFileReference; lastKnownFileType = sourcecode.swift; path = ViewController.swift; sourceTree = "<group>"; };
		A3A6D2502053595A003598DF /* Base */ = {isa = PBXFileReference; lastKnownFileType = file.storyboard; name = Base; path = Base.lproj/Main.storyboard; sourceTree = "<group>"; };
		A3A6D2522053595A003598DF /* Assets.xcassets */ = {isa = PBXFileReference; lastKnownFileType = folder.assetcatalog; path = Assets.xcassets; sourceTree = "<group>"; };
		A3A6D2552053595A003598DF /* Base */ = {isa = PBXFileReference; lastKnownFileType = file.storyboard; name = Base; path = Base.lproj/LaunchScreen.storyboard; sourceTree = "<group>"; };
		A3A6D2572053595A003598DF /* Info.plist */ = {isa = PBXFileReference; lastKnownFileType = text.plist.xml; path = Info.plist; sourceTree = "<group>"; };
/* End PBXFileReference section */

/* Begin PBXFrameworksBuildPhase section */
		A3A6D2452053595A003598DF /* Frameworks */ = {
			isa = PBXFrameworksBuildPhase;
			buildActionMask = 2147483647;
			files = (
			);
			runOnlyForDeploymentPostprocessing = 0;
		};
/* End PBXFrameworksBuildPhase section */

/* Begin PBXGroup section */
		A37C404B20563E9900817DF2 /* images */ = {
			isa = PBXGroup;
			children = (
				A37C404E20563F7800817DF2 /* img3.jpg */,
				A37C404C20563EBD00817DF2 /* img2.jpg */,
				A37C404A20563E1B00817DF2 /* img1.jpg */,
			);
			path = images;
			sourceTree = "<group>";
		};
		A3A6D23F2053595A003598DF = {
			isa = PBXGroup;
			children = (
				A3A6D24A2053595A003598DF /* SlideshowApp */,
				A3A6D2492053595A003598DF /* Products */,
			);
			sourceTree = "<group>";
		};
		A3A6D2492053595A003598DF /* Products */ = {
			isa = PBXGroup;
			children = (
				A3A6D2482053595A003598DF /* SlideshowApp.app */,
			);
			name = Products;
			sourceTree = "<group>";
		};
		A3A6D24A2053595A003598DF /* SlideshowApp */ = {
			isa = PBXGroup;
			children = (
				A37C404B20563E9900817DF2 /* images */,
				A37E5DB62053B80600E2FF97 /* ImgdetailViewController.swift */,
				A3A6D24B2053595A003598DF /* AppDelegate.swift */,
				A3A6D24D2053595A003598DF /* ViewController.swift */,
				A3A6D24F2053595A003598DF /* Main.storyboard */,
				A3A6D2522053595A003598DF /* Assets.xcassets */,
				A3A6D2542053595A003598DF /* LaunchScreen.storyboard */,
				A3A6D2572053595A003598DF /* Info.plist */,
			);
			path = SlideshowApp;
			sourceTree = "<group>";
		};
/* End PBXGroup section */

/* Begin PBXNativeTarget section */
		A3A6D2472053595A003598DF /* SlideshowApp */ = {
			isa = PBXNativeTarget;
			buildConfigurationList = A3A6D25A2053595A003598DF /* Build configuration list for PBXNativeTarget "SlideshowApp" */;
			buildPhases = (
				A3A6D2442053595A003598DF /* Sources */,
				A3A6D2452053595A003598DF /* Frameworks */,
				A3A6D2462053595A003598DF /* Resources */,
			);
			buildRules = (
			);
			dependencies = (
			);
			name = SlideshowApp;
			productName = SlideshowApp;
			productReference = A3A6D2482053595A003598DF /* SlideshowApp.app */;
			productType = "com.apple.product-type.application";
		};
/* End PBXNativeTarget section */

/* Begin PBXProject section */
		A3A6D2402053595A003598DF /* Project object */ = {
			isa = PBXProject;
			attributes = {
				LastSwiftUpdateCheck = 0920;
				LastUpgradeCheck = 0920;
				ORGANIZATIONNAME = masaki.utsunomiya;
				TargetAttributes = {
					A3A6D2472053595A003598DF = {
						CreatedOnToolsVersion = 9.2;
						ProvisioningStyle = Automatic;
					};
				};
			};
			buildConfigurationList = A3A6D2432053595A003598DF /* Build configuration list for PBXProject "SlideshowApp" */;
			compatibilityVersion = "Xcode 8.0";
			developmentRegion = en;
			hasScannedForEncodings = 0;
			knownRegions = (
				en,
				Base,
			);
			mainGroup = A3A6D23F2053595A003598DF;
			productRefGroup = A3A6D2492053595A003598DF /* Products */;
			projectDirPath = "";
			projectRoot = "";
			targets = (
				A3A6D2472053595A003598DF /* SlideshowApp */,
			);
		};
/* End PBXProject section */

/* Begin PBXResourcesBuildPhase section */
		A3A6D2462053595A003598DF /* Resources */ = {
			isa = PBXResourcesBuildPhase;
			buildActionMask = 2147483647;
			files = (
				A37C404F20563F7900817DF2 /* img3.jpg in Resources */,
				A31607F0205CB1A600E8D490 /* img1.jpg in Resources */,
				A37C404D20563EBD00817DF2 /* img2.jpg in Resources */,
				A3A6D2562053595A003598DF /* LaunchScreen.storyboard in Resources */,
				A3A6D2532053595A003598DF /* Assets.xcassets in Resources */,
				A3A6D2512053595A003598DF /* Main.storyboard in Resources */,
			);
			runOnlyForDeploymentPostprocessing = 0;
		};
/* End PBXResourcesBuildPhase section */

/* Begin PBXSourcesBuildPhase section */
		A3A6D2442053595A003598DF /* Sources */ = {
			isa = PBXSourcesBuildPhase;
			buildActionMask = 2147483647;
			files = (
				A3A6D24E2053595A003598DF /* ViewController.swift in Sources */,
				A37E5DB72053B80600E2FF97 /* ImgdetailViewController.swift in Sources */,
				A3A6D24C2053595A003598DF /* AppDelegate.swift in Sources */,
			);
			runOnlyForDeploymentPostprocessing = 0;
		};
/* End PBXSourcesBuildPhase section */

/* Begin PBXVariantGroup section */
		A3A6D24F2053595A003598DF /* Main.storyboard */ = {
			isa = PBXVariantGroup;
			children = (
				A3A6D2502053595A003598DF /* Base */,
			);
			name = Main.storyboard;
			sourceTree = "<group>";
		};
		A3A6D2542053595A003598DF /* LaunchScreen.storyboard */ = {
			isa = PBXVariantGroup;
			children = (
				A3A6D2552053595A003598DF /* Base */,
			);
			name = LaunchScreen.storyboard;
			sourceTree = "<group>";
		};
/* End PBXVariantGroup section */

/* Begin XCBuildConfiguration section */
		A3A6D2582053595A003598DF /* Debug */ = {
			isa = XCBuildConfiguration;
			buildSettings = {
				ALWAYS_SEARCH_USER_PATHS = NO;
				CLANG_ANALYZER_NONNULL = YES;
				CLANG_ANALYZER_NUMBER_OBJECT_CONVERSION = YES_AGGRESSIVE;
				CLANG_CXX_LANGUAGE_STANDARD = "gnu++14";
				CLANG_CXX_LIBRARY = "libc++";
				CLANG_ENABLE_MODULES = YES;
				CLANG_ENABLE_OBJC_ARC = YES;
				CLANG_WARN_BLOCK_CAPTURE_AUTORELEASING = YES;
				CLANG_WARN_BOOL_CONVERSION = YES;
				CLANG_WARN_COMMA = YES;
				CLANG_WARN_CONSTANT_CONVERSION = YES;
				CLANG_WARN_DIRECT_OBJC_ISA_USAGE = YES_ERROR;
				CLANG_WARN_DOCUMENTATION_COMMENTS = YES;
				CLANG_WARN_EMPTY_BODY = YES;
				CLANG_WARN_ENUM_CONVERSION = YES;
				CLANG_WARN_INFINITE_RECURSION = YES;
				CLANG_WARN_INT_CONVERSION = YES;
				CLANG_WARN_NON_LITERAL_NULL_CONVERSION = YES;
				CLANG_WARN_OBJC_LITERAL_CONVERSION = YES;
				CLANG_WARN_OBJC_ROOT_CLASS = YES_ERROR;
				CLANG_WARN_RANGE_LOOP_ANALYSIS = YES;
				CLANG_WARN_STRICT_PROTOTYPES = YES;
				CLANG_WARN_SUSPICIOUS_MOVE = YES;
				CLANG_WARN_UNGUARDED_AVAILABILITY = YES_AGGRESSIVE;
				CLANG_WARN_UNREACHABLE_CODE = YES;
				CLANG_WARN__DUPLICATE_METHOD_MATCH = YES;
				CODE_SIGN_IDENTITY = "iPhone Developer";
				COPY_PHASE_STRIP = NO;
				DEBUG_INFORMATION_FORMAT = dwarf;
				ENABLE_STRICT_OBJC_MSGSEND = YES;
				ENABLE_TESTABILITY = YES;
				GCC_C_LANGUAGE_STANDARD = gnu11;
				GCC_DYNAMIC_NO_PIC = NO;
				GCC_NO_COMMON_BLOCKS = YES;
				GCC_OPTIMIZATION_LEVEL = 0;
				GCC_PREPROCESSOR_DEFINITIONS = (
					"DEBUG=1",
					"$(inherited)",
				);
				GCC_WARN_64_TO_32_BIT_CONVERSION = YES;
				GCC_WARN_ABOUT_RETURN_TYPE = YES_ERROR;
				GCC_WARN_UNDECLARED_SELECTOR = YES;
				GCC_WARN_UNINITIALIZED_AUTOS = YES_AGGRESSIVE;
				GCC_WARN_UNUSED_FUNCTION = YES;
				GCC_WARN_UNUSED_VARIABLE = YES;
				IPHONEOS_DEPLOYMENT_TARGET = 11.2;
				MTL_ENABLE_DEBUG_INFO = YES;
				ONLY_ACTIVE_ARCH = YES;
				SDKROOT = iphoneos;
				SWIFT_ACTIVE_COMPILATION_CONDITIONS = DEBUG;
				SWIFT_OPTIMIZATION_LEVEL = "-Onone";
			};
			name = Debug;
		};
		A3A6D2592053595A003598DF /* Release */ = {
			isa = XCBuildConfiguration;
			buildSettings = {
				ALWAYS_SEARCH_USER_PATHS = NO;
				CLANG_ANALYZER_NONNULL = YES;
				CLANG_ANALYZER_NUMBER_OBJECT_CONVERSION = YES_AGGRESSIVE;
				CLANG_CXX_LANGUAGE_STANDARD = "gnu++14";
				CLANG_CXX_LIBRARY = "libc++";
				CLANG_ENABLE_MODULES = YES;
				CLANG_ENABLE_OBJC_ARC = YES;
				CLANG_WARN_BLOCK_CAPTURE_AUTORELEASING = YES;
				CLANG_WARN_BOOL_CONVERSION = YES;
				CLANG_WARN_COMMA = YES;
				CLANG_WARN_CONSTANT_CONVERSION = YES;
				CLANG_WARN_DIRECT_OBJC_ISA_USAGE = YES_ERROR;
				CLANG_WARN_DOCUMENTATION_COMMENTS = YES;
				CLANG_WARN_EMPTY_BODY = YES;
				CLANG_WARN_ENUM_CONVERSION = YES;
				CLANG_WARN_INFINITE_RECURSION = YES;
				CLANG_WARN_INT_CONVERSION = YES;
				CLANG_WARN_NON_LITERAL_NULL_CONVERSION = YES;
				CLANG_WARN_OBJC_LITERAL_CONVERSION = YES;
				CLANG_WARN_OBJC_ROOT_CLASS = YES_ERROR;
				CLANG_WARN_RANGE_LOOP_ANALYSIS = YES;
				CLANG_WARN_STRICT_PROTOTYPES = YES;
				CLANG_WARN_SUSPICIOUS_MOVE = YES;
				CLANG_WARN_UNGUARDED_AVAILABILITY = YES_AGGRESSIVE;
				CLANG_WARN_UNREACHABLE_CODE = YES;
				CLANG_WARN__DUPLICATE_METHOD_MATCH = YES;
				CODE_SIGN_IDENTITY = "iPhone Developer";
				COPY_PHASE_STRIP = NO;
				DEBUG_INFORMATION_FORMAT = "dwarf-with-dsym";
				ENABLE_NS_ASSERTIONS = NO;
				ENABLE_STRICT_OBJC_MSGSEND = YES;
				GCC_C_LANGUAGE_STANDARD = gnu11;
				GCC_NO_COMMON_BLOCKS = YES;
				GCC_WARN_64_TO_32_BIT_CONVERSION = YES;
				GCC_WARN_ABOUT_RETURN_TYPE = YES_ERROR;
				GCC_WARN_UNDECLARED_SELECTOR = YES;
				GCC_WARN_UNINITIALIZED_AUTOS = YES_AGGRESSIVE;
				GCC_WARN_UNUSED_FUNCTION = YES;
				GCC_WARN_UNUSED_VARIABLE = YES;
				IPHONEOS_DEPLOYMENT_TARGET = 11.2;
				MTL_ENABLE_DEBUG_INFO = NO;
				SDKROOT = iphoneos;
				SWIFT_OPTIMIZATION_LEVEL = "-Owholemodule";
				VALIDATE_PRODUCT = YES;
			};
			name = Release;
		};
		A3A6D25B2053595A003598DF /* Debug */ = {
			isa = XCBuildConfiguration;
			buildSettings = {
				ASSETCATALOG_COMPILER_APPICON_NAME = AppIcon;
				CODE_SIGN_STYLE = Automatic;
				INFOPLIST_FILE = SlideshowApp/Info.plist;
				LD_RUNPATH_SEARCH_PATHS = "$(inherited) @executable_path/Frameworks";
				PRODUCT_BUNDLE_IDENTIFIER = jp.techacademy.masaki.utsunomiya.SlideshowApp;
				PRODUCT_NAME = "$(TARGET_NAME)";
				SWIFT_VERSION = 4.0;
				TARGETED_DEVICE_FAMILY = "1,2";
			};
			name = Debug;
		};
		A3A6D25C2053595A003598DF /* Release */ = {
			isa = XCBuildConfiguration;
			buildSettings = {
				ASSETCATALOG_COMPILER_APPICON_NAME = AppIcon;
				CODE_SIGN_STYLE = Automatic;
				INFOPLIST_FILE = SlideshowApp/Info.plist;
				LD_RUNPATH_SEARCH_PATHS = "$(inherited) @executable_path/Frameworks";
				PRODUCT_BUNDLE_IDENTIFIER = jp.techacademy.masaki.utsunomiya.SlideshowApp;
				PRODUCT_NAME = "$(TARGET_NAME)";
				SWIFT_VERSION = 4.0;
				TARGETED_DEVICE_FAMILY = "1,2";
			};
			name = Release;
		};
/* End XCBuildConfiguration section */

/* Begin XCConfigurationList section */
		A3A6D2432053595A003598DF /* Build configuration list for PBXProject "SlideshowApp" */ = {
			isa = XCConfigurationList;
			buildConfigurations = (
				A3A6D2582053595A003598DF /* Debug */,
				A3A6D2592053595A003598DF /* Release */,
			);
			defaultConfigurationIsVisible = 0;
			defaultConfigurationName = Release;
		};
		A3A6D25A2053595A003598DF /* Build configuration list for PBXNativeTarget "SlideshowApp" */ = {
			isa = XCConfigurationList;
			buildConfigurations = (
				A3A6D25B2053595A003598DF /* Debug */,
				A3A6D25C2053595A003598DF /* Release */,
			);
			defaultConfigurationIsVisible = 0;
			defaultConfigurationName = Release;
		};
/* End XCConfigurationList section */
	};
	rootObject = A3A6D2402053595A003598DF /* Project object */;
}
